github.com/charlievieth/buildutil v0.0.6 h1:kVwrRKjwXy9X20Oc34EP2HxhmZx6OrffeIEXLJnqLBY=
github.com/charlievieth/buildutil v0.0.6/go.mod h1:ixnLv8dl9ropX3Bkbt17o7jPob5tS1hU1N96XeFCsIU=
github.com/charlievieth/fs v0.0.2 h1:vu3+e3KRrIguFN4HoYqkeM9TSjduugtsfHZwFvj/PBg=
github.com/charlievieth/fs v0.0.2/go.mod h1:74vroF06jvR8XMafvi2CYzs8WruHL1axh/qFx7XN5Xw=
