github.com/charlievieth/buildutil v0.0.5 h1:vW1+gHsk4fkh2+wNVviPUxdBvKJreNmkhK3ypCHTBCg=
github.com/charlievieth/buildutil v0.0.5/go.mod h1:ixnLv8dl9ropX3Bkbt17o7jPob5tS1hU1N96XeFCsIU=
github.com/charlievieth/fs v0.0.1 h1:sJqnp1RWguMAojHpyCbZ2KyXNp2ihxGIFPUNb8XDGu8=
github.com/charlievieth/fs v0.0.1/go.mod h1:74vroF06jvR8XMafvi2CYzs8WruHL1axh/qFx7XN5Xw=
